{
  "name": "TypeScript_Fundamentals",
  "version": "1.0.0",
  "lockfileVersion": 1,
  "requires": true,
  "dependencies": {
    "@types/jasmine": {
      "version": "3.6.7",
      "resolved": "https://registry.npmjs.org/@types/jasmine/-/jasmine-3.6.7.tgz",
      "integrity": "sha512-8dtfiykrpe4Ysn6ONj0tOjmpDIh1vWxPk80eutSeWmyaJvAZXZ84219fS4gLrvz05eidhp7BP17WVQBaXHSyXQ==",
      "dev": true
    },
    "typescript": {
      "version": "4.2.3",
      "resolved": "https://registry.npmjs.org/typescript/-/typescript-4.2.3.tgz",
      "integrity": "sha512-qOcYwxaByStAWrBf4x0fibwZvMRG+r4cQoTjbPtUlrWjBHbmCAww1i448U0GJ+3cNNEtebDteo/cHOR3xJ4wEw=="
    }
  }
}
